# THIS IS AN AUTOGENERATED FILE. DO NOT EDIT THIS FILE DIRECTLY.
# yarn lockfile v1


"@f/apply-styles@^1.0.1":
  version "1.0.6"
  resolved "https://registry.yarnpkg.com/@f/apply-styles/-/apply-styles-1.0.6.tgz#f295b4cd77062b984e9a96c8173ffe13f2821c81"
  dependencies:
    "@f/css-default-units" "^1.0.0"
    "@f/has" "^1.0.0"

"@f/array-to-promise@^1.2.1":
  version "1.2.1"
  resolved "https://registry.yarnpkg.com/@f/array-to-promise/-/array-to-promise-1.2.1.tgz#3451b7b67e440a39f69f2f8471e3fbee4d7daa1e"

"@f/can-select-text@^1.0.0":
  version "1.0.0"
  resolved "https://registry.yarnpkg.com/@f/can-select-text/-/can-select-text-1.0.0.tgz#56173fac8c46a958e10eaae5026bbeb286678802"

"@f/capitalize@^1.0.0":
  version "1.0.0"
  resolved "https://registry.yarnpkg.com/@f/capitalize/-/capitalize-1.0.0.tgz#94023bf5aa85b93b47474e8c96e0336a9a7400d0"

"@f/compose@^1.0.1":
  version "1.0.1"
  resolved "https://registry.yarnpkg.com/@f/compose/-/compose-1.0.1.tgz#2b6900ba62c3cb5cb628cc811c2750b7743ad5eb"
  dependencies:
    "@f/identity" "^1.1.1"
    "@f/reduce-array" "^0.2.1"

"@f/create-element@^1.0.0":
  version "1.0.1"
  resolved "https://registry.yarnpkg.com/@f/create-element/-/create-element-1.0.1.tgz#0f3e73b42d91e0c6bd04488751cd5e72f1c57884"
  dependencies:
    "@f/is-svg" "^1.0.0"
    "@f/svg-namespace" "^1.0.1"

"@f/css-default-units@^1.0.0", "@f/css-default-units@^1.0.1":
  version "1.0.1"
  resolved "https://registry.yarnpkg.com/@f/css-default-units/-/css-default-units-1.0.1.tgz#5f1758b86a392591d979f6b1024e0080744b6eaa"
  dependencies:
    "@f/css-unitless" "^1.0.1"

"@f/css-unitless@^1.0.1":
  version "1.0.2"
  resolved "https://registry.yarnpkg.com/@f/css-unitless/-/css-unitless-1.0.2.tgz#8da6e884a57e4d27798b744584e094862aa503e9"
  dependencies:
    "@f/hyphenate" "^1.0.0"

"@f/curry-once@^1.0.0":
  version "1.3.2"
  resolved "https://registry.yarnpkg.com/@f/curry-once/-/curry-once-1.3.2.tgz#a561948a02f371e0e49772ea0a0bea7ea06283f0"
  dependencies:
    "@f/slice" "^1.1.3"

"@f/curry-transparently@^1.0.0":
  version "1.0.0"
  resolved "https://registry.yarnpkg.com/@f/curry-transparently/-/curry-transparently-1.0.0.tgz#e96641cea0b1e022c38fd39e840f79a6b2699f89"
  dependencies:
    "@f/extend" "^1.0.0"

"@f/debounce@^1.0.2":
  version "1.0.5"
  resolved "https://registry.yarnpkg.com/@f/debounce/-/debounce-1.0.5.tgz#4e35438e819bbd918c6947e3029a28ebeffae83c"

"@f/defaults@^1.0.1":
  version "1.0.1"
  resolved "https://registry.yarnpkg.com/@f/defaults/-/defaults-1.0.1.tgz#6aef847a88324602f63442ab2607a8e3d5d0cc75"
  dependencies:
    "@f/foreach" "^1.2.0"

"@f/dom-events@^1.0.3", "@f/dom-events@^1.0.4":
  version "1.0.4"
  resolved "https://registry.yarnpkg.com/@f/dom-events/-/dom-events-1.0.4.tgz#82d7209678bcb292a41882a1a813736d53ef13e7"

"@f/domready@^1.0.2":
  version "1.0.2"
  resolved "https://registry.yarnpkg.com/@f/domready/-/domready-1.0.2.tgz#253893926642ccb785ab7c9b4936bafb0fa4364e"
  dependencies:
    "@f/is-dom-loaded" "^1.0.1"

"@f/empty-element@^1.0.0":
  version "1.0.0"
  resolved "https://registry.yarnpkg.com/@f/empty-element/-/empty-element-1.0.0.tgz#09c4ec8fdd2c5d537ef05d3c27e0211be6ac07ef"

"@f/equal-array@^1.2.2":
  version "1.2.2"
  resolved "https://registry.yarnpkg.com/@f/equal-array/-/equal-array-1.2.2.tgz#37ceb953a4d0b22f784027dd364a9d9e6f7d27cb"

"@f/equal-obj@^1.2.1":
  version "1.2.1"
  resolved "https://registry.yarnpkg.com/@f/equal-obj/-/equal-obj-1.2.1.tgz#7f75ea17b5c7be2034bec1079e7efdef3c55aaf1"

"@f/event-handler@^1.0.3", "@f/event-handler@^1.0.4":
  version "1.0.4"
  resolved "https://registry.yarnpkg.com/@f/event-handler/-/event-handler-1.0.4.tgz#4b6e4dbacb0e7d6d33152bcd5aad5cf0e2961aab"
  dependencies:
    "@f/get-value" "^1.0.1"
    "@f/has" "^1.0.1"
    "@f/identity" "^1.1.1"
    "@f/is-array" "^1.1.1"
    "@f/is-function" "^1.1.1"
    "@f/is-object" "^1.1.4"
    "@f/keychord" "^1.1.1"
    "@f/map" "^1.5.3"
    "@f/maybe-over" "^1.0.0"

"@f/extend@^1.0.0":
  version "1.0.0"
  resolved "https://registry.yarnpkg.com/@f/extend/-/extend-1.0.0.tgz#0560d9b26dda8160c655f60ef31c61bc6ee94adc"
  dependencies:
    "@f/foreach-obj" "^1.0.1"

"@f/focus-element@^1.0.0":
  version "1.0.0"
  resolved "https://registry.yarnpkg.com/@f/focus-element/-/focus-element-1.0.0.tgz#757d8a8d7238069ed2cf1a89ab33840b82605584"

"@f/foreach-array@^1.0.0":
  version "1.0.0"
  resolved "https://registry.yarnpkg.com/@f/foreach-array/-/foreach-array-1.0.0.tgz#163b0ae67cd1fc18d94c451da9006c3ce1ce6da8"

"@f/foreach-obj@^1.0.1":
  version "1.1.1"
  resolved "https://registry.yarnpkg.com/@f/foreach-obj/-/foreach-obj-1.1.1.tgz#5ad38a629c0298290a8d06a39f281d979a6804c4"

"@f/foreach@^1.2.0", "@f/foreach@^1.2.1", "@f/foreach@^1.2.2":
  version "1.2.2"
  resolved "https://registry.yarnpkg.com/@f/foreach/-/foreach-1.2.2.tgz#2dd0aca6c5fe74fa965b0f46640f7623930434cd"
  dependencies:
    "@f/foreach-array" "^1.0.0"
    "@f/foreach-obj" "^1.0.1"
    "@f/is-array" "^1.1.1"
    "@f/is-object" "^1.1.1"

"@f/gen-to-promise@^1.1.1":
  version "1.2.0"
  resolved "https://registry.yarnpkg.com/@f/gen-to-promise/-/gen-to-promise-1.2.0.tgz#1fd98ba4b6f451e9ea5c8944cf3fe18bfb1b7bdf"
  dependencies:
    "@f/is-defer" "^1.0.0"
    "@f/is-function" "^1.0.4"
    "@f/is-iterator" "^1.0.0"
    "@f/is-promise" "^1.0.0"
    "@f/slice" "^1.0.0"

"@f/generator@^1.0.0":
  version "1.0.0"
  resolved "https://registry.yarnpkg.com/@f/generator/-/generator-1.0.0.tgz#a1748d8157060ed78d28bd813cf265bd0d39e613"
  dependencies:
    "@f/iterator-symbol" "^1.0.0"

"@f/get-value@^1.0.1":
  version "1.0.1"
  resolved "https://registry.yarnpkg.com/@f/get-value/-/get-value-1.0.1.tgz#9d50bebe00dd6687033194b60610899df766182e"

"@f/has@^1.0.0", "@f/has@^1.0.1":
  version "1.0.1"
  resolved "https://registry.yarnpkg.com/@f/has/-/has-1.0.1.tgz#b74f132bf3aaa5dc0409edfe8ee72337d6e73fbe"

"@f/hash-str@^1.0.0":
  version "1.0.0"
  resolved "https://registry.yarnpkg.com/@f/hash-str/-/hash-str-1.0.0.tgz#059d14538be23ca812536392105c6efe76058c04"

"@f/hyphenate@^1.0.0":
  version "1.0.0"
  resolved "https://registry.yarnpkg.com/@f/hyphenate/-/hyphenate-1.0.0.tgz#dc1633324d05636da20e25fe66d6de01a1ffedd8"

"@f/identity@^1.1.1":
  version "1.1.1"
  resolved "https://registry.yarnpkg.com/@f/identity/-/identity-1.1.1.tgz#6fb49a3141b1684f64ecf6fb87baa744909ae4ce"

"@f/insert-element@^1.0.0":
  version "1.0.0"
  resolved "https://registry.yarnpkg.com/@f/insert-element/-/insert-element-1.0.0.tgz#7bbf325846dae945a9b98b01e87bc2fb4fe28c88"

"@f/is-array@^1.0.0", "@f/is-array@^1.1.1":
  version "1.1.1"
  resolved "https://registry.yarnpkg.com/@f/is-array/-/is-array-1.1.1.tgz#cb3cd2f20016fc7b6d7049013c0318d75a222590"

"@f/is-defer@^1.0.0":
  version "1.0.0"
  resolved "https://registry.yarnpkg.com/@f/is-defer/-/is-defer-1.0.0.tgz#90a9a0a57807e8370ccb5a681b324ea9627d1667"
  dependencies:
    "@f/is-promise" "^1.1.1"

"@f/is-dom-loaded@^1.0.1":
  version "1.0.1"
  resolved "https://registry.yarnpkg.com/@f/is-dom-loaded/-/is-dom-loaded-1.0.1.tgz#bd065f77c44d20a7a077d7694ea5f173a8081e08"

"@f/is-function@^1.0.4", "@f/is-function@^1.1.1":
  version "1.1.1"
  resolved "https://registry.yarnpkg.com/@f/is-function/-/is-function-1.1.1.tgz#17d342a53ef7d2ff791371c2f4fa381245ce0231"

"@f/is-functor@^1.0.0":
  version "1.0.0"
  resolved "https://registry.yarnpkg.com/@f/is-functor/-/is-functor-1.0.0.tgz#0052caa70f05d7a3d55e492ea03ab9c052dba3f5"
  dependencies:
    "@f/is-function" "^1.1.1"

"@f/is-generator@^1.3.1", "@f/is-generator@^1.3.2":
  version "1.3.2"
  resolved "https://registry.yarnpkg.com/@f/is-generator/-/is-generator-1.3.2.tgz#96240390caea4089498b4c05255328b4dfdb03c8"
  dependencies:
    "@f/is-function" "^1.1.1"

"@f/is-iterable@^1.0.1":
  version "1.0.1"
  resolved "https://registry.yarnpkg.com/@f/is-iterable/-/is-iterable-1.0.1.tgz#1dee874596fce3bbcee9483371bdfbb0a576c744"
  dependencies:
    "@f/is-function" "^1.1.1"
    "@f/iterator-symbol" "^1.0.0"

"@f/is-iterator@^1.0.0", "@f/is-iterator@^1.0.1":
  version "1.0.1"
  resolved "https://registry.yarnpkg.com/@f/is-iterator/-/is-iterator-1.0.1.tgz#6eae20714e6449301783f4c3c7b291dcd7cc3f2b"
  dependencies:
    "@f/is-function" "^1.1.1"

"@f/is-object@^1.0.0", "@f/is-object@^1.1.1", "@f/is-object@^1.1.4":
  version "1.1.4"
  resolved "https://registry.yarnpkg.com/@f/is-object/-/is-object-1.1.4.tgz#278ddc91bd13645ac0b73963539e0e52677b7494"
  dependencies:
    "@f/is-function" "^1.1.1"

"@f/is-promise@^1.0.0", "@f/is-promise@^1.1.1":
  version "1.1.1"
  resolved "https://registry.yarnpkg.com/@f/is-promise/-/is-promise-1.1.1.tgz#0c94edc7b62f236693156de24adc4be696b4ba64"

"@f/is-string@^1.1.1":
  version "1.1.1"
  resolved "https://registry.yarnpkg.com/@f/is-string/-/is-string-1.1.1.tgz#02a098ff44562e42ad795380909b46824b0f06db"

"@f/is-svg@^1.0.0":
  version "1.0.0"
  resolved "https://registry.yarnpkg.com/@f/is-svg/-/is-svg-1.0.0.tgz#4347d8cb5541925f85f5631748cc31dc6450ef46"
  dependencies:
    "@f/has" "^1.0.0"
    "@f/svg-elements" "^1.0.0"

"@f/is-undefined@^1.1.1":
  version "1.1.1"
  resolved "https://registry.yarnpkg.com/@f/is-undefined/-/is-undefined-1.1.1.tgz#fe77cdd1fffa1db5e705a09dbd1665fa36dd5c72"

"@f/is-valid-attr@^1.0.0":
  version "1.0.0"
  resolved "https://registry.yarnpkg.com/@f/is-valid-attr/-/is-valid-attr-1.0.0.tgz#45a0053d14bf58cd85cba6e6019a4b6ed5ad88d9"

"@f/iterator-symbol@^1.0.0":
  version "1.0.0"
  resolved "https://registry.yarnpkg.com/@f/iterator-symbol/-/iterator-symbol-1.0.0.tgz#227390d577a4314165ca3c2a2a9d383c2dc29e74"

"@f/keychord@^1.1.1":
  version "1.1.1"
  resolved "https://registry.yarnpkg.com/@f/keychord/-/keychord-1.1.1.tgz#eb05214853b87df2580f913d5b883a22a5c93f1f"
  dependencies:
    "@f/keycodes" "^1.0.0"

"@f/keycodes@^1.0.0":
  version "1.1.2"
  resolved "https://registry.yarnpkg.com/@f/keycodes/-/keycodes-1.1.2.tgz#80e36c987d27effbc2937f2cedd5c051343fdf3b"

"@f/log-error@^1.0.0":
  version "1.0.0"
  resolved "https://registry.yarnpkg.com/@f/log-error/-/log-error-1.0.0.tgz#bf6927868279c80d4378831b62212bcb56e398e5"

"@f/map-array@^1.1.0", "@f/map-array@^1.2.1":
  version "1.2.1"
  resolved "https://registry.yarnpkg.com/@f/map-array/-/map-array-1.2.1.tgz#9fc7e29b480e85186f8795ddbc2cfaec120c9bf1"

"@f/map-gen@^1.6.0":
  version "1.6.0"
  resolved "https://registry.yarnpkg.com/@f/map-gen/-/map-gen-1.6.0.tgz#82ad6ad7fc78f0d1b09537f07007108ee9e04ee1"
  dependencies:
    "@f/is-function" "^1.1.1"
    "@f/is-iterator" "^1.0.0"
    "@f/slice" "^1.0.0"
    "@f/to-generator" "^1.0.1"

"@f/map-obj@^1.1.2":
  version "1.2.2"
  resolved "https://registry.yarnpkg.com/@f/map-obj/-/map-obj-1.2.2.tgz#d9a9f8bd76caa2ae11b633dda24d9c6cccc1e60d"

"@f/map@^1.5.2", "@f/map@^1.5.3":
  version "1.5.3"
  resolved "https://registry.yarnpkg.com/@f/map/-/map-1.5.3.tgz#952947a4fb06d86cf4c55667c38186f43896d757"
  dependencies:
    "@f/is-array" "^1.0.0"
    "@f/is-functor" "^1.0.0"
    "@f/is-generator" "^1.3.2"
    "@f/is-iterator" "^1.0.1"
    "@f/is-object" "^1.0.0"
    "@f/map-array" "^1.1.0"
    "@f/map-gen" "^1.6.0"
    "@f/map-obj" "^1.1.2"

"@f/maybe-over@^1.0.0":
  version "1.0.0"
  resolved "https://registry.yarnpkg.com/@f/maybe-over/-/maybe-over-1.0.0.tgz#b5d0ac1c8511332ada4329c875069238afe9add3"
  dependencies:
    "@f/is-function" "^1.1.1"
    "@f/map-array" "^1.2.1"

"@f/obj-to-promise@^1.2.0":
  version "1.2.1"
  resolved "https://registry.yarnpkg.com/@f/obj-to-promise/-/obj-to-promise-1.2.1.tgz#974928b01ea574605c3eb33392b9cdfff810892d"
  dependencies:
    "@f/curry-once" "^1.0.0"
    "@f/values" "^1.2.0"
    "@f/zip-obj" "^1.0.0"

"@f/popcount@^1.0.0":
  version "1.0.0"
  resolved "https://registry.yarnpkg.com/@f/popcount/-/popcount-1.0.0.tgz#f2d5372c2880d665df511fb154240c0add8bb084"

"@f/queue@^1.0.2":
  version "1.0.2"
  resolved "https://registry.yarnpkg.com/@f/queue/-/queue-1.0.2.tgz#19302e9876e70acdca05566862ac66652be678dd"
  dependencies:
    "@f/map-array" "^1.2.1"

"@f/raf-debounce@^1.0.1":
  version "1.0.1"
  resolved "https://registry.yarnpkg.com/@f/raf-debounce/-/raf-debounce-1.0.1.tgz#98863be50d2f3a0f759224bc36b8ea4446975fbd"
  dependencies:
    "@f/raf" "^1.0.3"

"@f/raf@^1.0.3":
  version "1.0.3"
  resolved "https://registry.yarnpkg.com/@f/raf/-/raf-1.0.3.tgz#32ddca37de345b20c8c3843018cc51b8f897914d"

"@f/reduce-array@^0.2.1":
  version "0.2.1"
  resolved "https://registry.yarnpkg.com/@f/reduce-array/-/reduce-array-0.2.1.tgz#de8e7b7f837ef1319ea8a35b4ba70169ea7e999f"

"@f/reduce-obj@^1.0.0":
  version "1.0.0"
  resolved "https://registry.yarnpkg.com/@f/reduce-obj/-/reduce-obj-1.0.0.tgz#b4873a5f1627d30f2ee8ecbf994e92fb698c94f9"

"@f/reduce@^1.0.0":
  version "1.0.0"
  resolved "https://registry.yarnpkg.com/@f/reduce/-/reduce-1.0.0.tgz#951f6aefe6303c2ea3eeaebb19557bf98b566faf"
  dependencies:
    "@f/is-array" "^1.1.1"
    "@f/is-object" "^1.1.1"
    "@f/reduce-array" "^0.2.1"
    "@f/reduce-obj" "^1.0.0"

"@f/remove-element@^1.0.0":
  version "1.0.0"
  resolved "https://registry.yarnpkg.com/@f/remove-element/-/remove-element-1.0.0.tgz#7d19bb64d4d879b1f7c9c61308004e7ae133d556"

"@f/replace-element@^1.0.0":
  version "1.0.0"
  resolved "https://registry.yarnpkg.com/@f/replace-element/-/replace-element-1.0.0.tgz#ad4b50433353ad3579a43a8c174c2d5237e71913"

"@f/self-closing-tags@^1.0.1":
  version "1.0.1"
  resolved "https://registry.yarnpkg.com/@f/self-closing-tags/-/self-closing-tags-1.0.1.tgz#a385b125d2e769984f78acc7a0aa6c3ec42341aa"

"@f/set-attribute@^1.0.1":
  version "1.0.1"
  resolved "https://registry.yarnpkg.com/@f/set-attribute/-/set-attribute-1.0.1.tgz#fc002fb8b88322add265351f35d916428b994da2"
  dependencies:
    "@f/svg-attribute-namespace" "^2.1.1"

"@f/set-proto@^1.0.0":
  version "1.0.1"
  resolved "https://registry.yarnpkg.com/@f/set-proto/-/set-proto-1.0.1.tgz#8ed0b2da30908e9575a0233f9f7795a22b1e5052"
  dependencies:
    "@f/extend" "^1.0.0"

"@f/set-value@^1.0.0":
  version "1.0.0"
  resolved "https://registry.yarnpkg.com/@f/set-value/-/set-value-1.0.0.tgz#a5c7a960219160452a9c0f3d648a8443281c1553"
  dependencies:
    "@f/can-select-text" "^1.0.0"

"@f/slice@^1.0.0", "@f/slice@^1.1.1", "@f/slice@^1.1.3":
  version "1.1.3"
  resolved "https://registry.yarnpkg.com/@f/slice/-/slice-1.1.3.tgz#f811c188d2591ffef254ed1631c244d8b4c34e70"

"@f/stringify-attrs@^1.0.5":
  version "1.0.5"
  resolved "https://registry.yarnpkg.com/@f/stringify-attrs/-/stringify-attrs-1.0.5.tgz#46419baf12e38ad3b852e51d98cab82cce8e027b"
  dependencies:
    "@f/is-valid-attr" "^1.0.0"
    "@f/to-inline-style" "^0.1.3"

"@f/svg-attribute-namespace@^2.1.1":
  version "2.1.1"
  resolved "https://registry.yarnpkg.com/@f/svg-attribute-namespace/-/svg-attribute-namespace-2.1.1.tgz#5c80fdf4118852849de8b733db6033661d474be7"
  dependencies:
    "@f/svg-attribute-namespaces" "^1.0.1"

"@f/svg-attribute-namespaces@^1.0.1":
  version "1.0.2"
  resolved "https://registry.yarnpkg.com/@f/svg-attribute-namespaces/-/svg-attribute-namespaces-1.0.2.tgz#e63b5b76af07e7ebaf9c496a0074051223824765"

"@f/svg-elements@^1.0.0":
  version "1.0.1"
  resolved "https://registry.yarnpkg.com/@f/svg-elements/-/svg-elements-1.0.1.tgz#a8d30a8b33836c988848d28eb3c4605d923581dd"

"@f/svg-namespace@^1.0.1":
  version "1.0.1"
  resolved "https://registry.yarnpkg.com/@f/svg-namespace/-/svg-namespace-1.0.1.tgz#f6f1a5ce5d3971a4ade91a11d22d4c459acd375f"

"@f/thunk-to-promise@^1.1.1":
  version "1.1.1"
  resolved "https://registry.yarnpkg.com/@f/thunk-to-promise/-/thunk-to-promise-1.1.1.tgz#e7b6f194790b08e429bcdae873870a287361d579"
  dependencies:
    "@f/slice" "^1.0.0"

"@f/to-generator@^1.0.1":
  version "1.0.1"
  resolved "https://registry.yarnpkg.com/@f/to-generator/-/to-generator-1.0.1.tgz#96126d97ab03b0bc69fa5a366417a556c84469b4"
  dependencies:
    "@f/generator" "^1.0.0"
    "@f/is-function" "^1.1.1"
    "@f/is-generator" "^1.3.1"
    "@f/set-proto" "^1.0.0"
    "@f/slice" "^1.1.1"

"@f/to-inline-style@^0.1.3":
  version "0.1.4"
  resolved "https://registry.yarnpkg.com/@f/to-inline-style/-/to-inline-style-0.1.4.tgz#2e7bf7d386e808b93b68473e8d5974a819313711"
  dependencies:
    "@f/css-default-units" "^1.0.1"
    "@f/hyphenate" "^1.0.0"

"@f/to-promise@^1.1.1":
  version "1.1.2"
  resolved "https://registry.yarnpkg.com/@f/to-promise/-/to-promise-1.1.2.tgz#6fcce8e5c249b3912104ebccb20b03cfde1ceeb4"
  dependencies:
    "@f/array-to-promise" "^1.2.1"
    "@f/gen-to-promise" "^1.1.1"
    "@f/is-array" "^1.1.1"
    "@f/is-function" "^1.1.1"
    "@f/is-generator" "^1.3.2"
    "@f/is-iterator" "^1.0.1"
    "@f/is-object" "^1.1.1"
    "@f/is-promise" "^1.1.1"
    "@f/obj-to-promise" "^1.2.0"
    "@f/thunk-to-promise" "^1.1.1"

"@f/values@^1.2.0":
  version "1.2.0"
  resolved "https://registry.yarnpkg.com/@f/values/-/values-1.2.0.tgz#e49e7b3e4133e085ceb1c9d5a7b4cb1012ef4aa7"
  dependencies:
    "@f/foreach-array" "^1.0.0"

"@f/zip-obj@^1.0.0":
  version "1.1.1"
  resolved "https://registry.yarnpkg.com/@f/zip-obj/-/zip-obj-1.1.1.tgz#efbdfd3e890db2ad9d63c772d1622665fe065743"

accepts@~1.3.4:
  version "1.3.4"
  resolved "https://registry.yarnpkg.com/accepts/-/accepts-1.3.4.tgz#86246758c7dd6d21a6474ff084a4740ec05eb21f"
  dependencies:
    mime-types "~2.1.16"
    negotiator "0.6.1"

arity-n@^1.0.4:
  version "1.0.4"
  resolved "https://registry.yarnpkg.com/arity-n/-/arity-n-1.0.4.tgz#d9e76b11733e08569c0847ae7b39b2860b30b745"

array-flatten@1.1.1:
  version "1.1.1"
  resolved "https://registry.yarnpkg.com/array-flatten/-/array-flatten-1.1.1.tgz#9a5f699051b1e7073328f2a008968b64ea2955d2"

asap@~2.0.3:
  version "2.0.6"
  resolved "https://registry.yarnpkg.com/asap/-/asap-2.0.6.tgz#e50347611d7e690943208bbdafebcbc2fb866d46"

bit-vector@^0.1.0:
  version "0.1.6"
  resolved "https://registry.yarnpkg.com/bit-vector/-/bit-vector-0.1.6.tgz#5acb4dd363c29bfda9bc3ce5ef8a4381be7838da"

body-parser@1.18.2:
  version "1.18.2"
  resolved "https://registry.yarnpkg.com/body-parser/-/body-parser-1.18.2.tgz#87678a19d84b47d859b83199bd59bce222b10454"
  dependencies:
    bytes "3.0.0"
    content-type "~1.0.4"
    debug "2.6.9"
    depd "~1.1.1"
    http-errors "~1.6.2"
    iconv-lite "0.4.19"
    on-finished "~2.3.0"
    qs "6.5.1"
    raw-body "2.3.2"
    type-is "~1.6.15"

bytes@3.0.0:
  version "3.0.0"
  resolved "https://registry.yarnpkg.com/bytes/-/bytes-3.0.0.tgz#d32815404d689699f85a4ea4fa8755dd13a96048"

classnames@^2.2.3:
  version "2.2.5"
  resolved "https://registry.yarnpkg.com/classnames/-/classnames-2.2.5.tgz#fb3801d453467649ef3603c7d61a02bd129bde6d"

compose-function@^2.0.0:
  version "2.0.0"
  resolved "https://registry.yarnpkg.com/compose-function/-/compose-function-2.0.0.tgz#e642fa7e1da21529720031476776fc24691ac0b0"
  dependencies:
    arity-n "^1.0.4"

content-disposition@0.5.2:
  version "0.5.2"
  resolved "https://registry.yarnpkg.com/content-disposition/-/content-disposition-0.5.2.tgz#0cf68bb9ddf5f2be7961c3a85178cb85dba78cb4"

content-type@~1.0.4:
  version "1.0.4"
  resolved "https://registry.yarnpkg.com/content-type/-/content-type-1.0.4.tgz#e138cc75e040c727b1966fe5e5f8c9aee256fe3b"

cookie-signature@1.0.6:
  version "1.0.6"
  resolved "https://registry.yarnpkg.com/cookie-signature/-/cookie-signature-1.0.6.tgz#e303a882b342cc3ee8ca513a79999734dab3ae2c"

cookie@0.3.1:
  version "0.3.1"
  resolved "https://registry.yarnpkg.com/cookie/-/cookie-0.3.1.tgz#e7e0a1f9ef43b4c8ba925c5c5a96e806d16873bb"

core-js@^1.0.0:
  version "1.2.7"
  resolved "https://registry.yarnpkg.com/core-js/-/core-js-1.2.7.tgz#652294c14651db28fa93bd2d5ff2983a4f08c636"

debug@2.6.9:
  version "2.6.9"
  resolved "https://registry.yarnpkg.com/debug/-/debug-2.6.9.tgz#5d128515df134ff327e90a4c93f4e077a536341f"
  dependencies:
    ms "2.0.0"

delegant@^0.2.0:
  version "0.2.0"
  resolved "https://registry.yarnpkg.com/delegant/-/delegant-0.2.0.tgz#18b8b5489d58bf7191fcf5b2d12faee5f6ec4b9f"
  dependencies:
    "@f/compose" "^1.0.1"
    "@f/dom-events" "^1.0.4"
    "@f/foreach" "^1.2.2"
    "@f/map-array" "^1.2.1"
    compose-function "^2.0.0"
    ev-store "^7.0.0"
    inherits "^2.0.1"

depd@1.1.1:
  version "1.1.1"
  resolved "https://registry.yarnpkg.com/depd/-/depd-1.1.1.tgz#5783b4e1c459f06fa5ca27f991f3d06e7a310359"

depd@~1.1.1:
  version "1.1.2"
  resolved "https://registry.yarnpkg.com/depd/-/depd-1.1.2.tgz#9bcd52e14c097763e749b274c4346ed2e560b5a9"

destroy@~1.0.4:
  version "1.0.4"
  resolved "https://registry.yarnpkg.com/destroy/-/destroy-1.0.4.tgz#978857442c44749e4206613e37946205826abd80"

dift@^0.1.11:
  version "0.1.12"
  resolved "https://registry.yarnpkg.com/dift/-/dift-0.1.12.tgz#48f366497ea3361ca30451424b6daea285aa10e1"
  dependencies:
    bit-vector "^0.1.0"

ee-first@1.1.1:
  version "1.1.1"
  resolved "https://registry.yarnpkg.com/ee-first/-/ee-first-1.1.1.tgz#590c61156b0ae2f4f0255732a158b266bc56b21d"

encodeurl@~1.0.1:
  version "1.0.2"
  resolved "https://registry.yarnpkg.com/encodeurl/-/encodeurl-1.0.2.tgz#ad3ff4c86ec2d029322f5a02c3a9a606c95b3f59"

encoding@^0.1.11:
  version "0.1.12"
  resolved "https://registry.yarnpkg.com/encoding/-/encoding-0.1.12.tgz#538b66f3ee62cd1ab51ec323829d1f9480c74beb"
  dependencies:
    iconv-lite "~0.4.13"

ent@^2.2.0:
  version "2.2.0"
  resolved "https://registry.yarnpkg.com/ent/-/ent-2.2.0.tgz#e964219325a21d05f44466a2f686ed6ce5f5dd1d"

escape-html@~1.0.3:
  version "1.0.3"
  resolved "https://registry.yarnpkg.com/escape-html/-/escape-html-1.0.3.tgz#0258eae4d3d0c0974de1c169188ef0051d1d1988"

etag@~1.8.1:
  version "1.8.1"
  resolved "https://registry.yarnpkg.com/etag/-/etag-1.8.1.tgz#41ae2eeb65efa62268aebfea83ac7d79299b0887"

ev-store@^7.0.0:
  version "7.0.0"
  resolved "https://registry.yarnpkg.com/ev-store/-/ev-store-7.0.0.tgz#1ab0c7f82136505dd74b31d17701cb2be6d26558"
  dependencies:
    individual "^3.0.0"

express@^4.16.2:
  version "4.16.2"
  resolved "https://registry.yarnpkg.com/express/-/express-4.16.2.tgz#e35c6dfe2d64b7dca0a5cd4f21781be3299e076c"
  dependencies:
    accepts "~1.3.4"
    array-flatten "1.1.1"
    body-parser "1.18.2"
    content-disposition "0.5.2"
    content-type "~1.0.4"
    cookie "0.3.1"
    cookie-signature "1.0.6"
    debug "2.6.9"
    depd "~1.1.1"
    encodeurl "~1.0.1"
    escape-html "~1.0.3"
    etag "~1.8.1"
    finalhandler "1.1.0"
    fresh "0.5.2"
    merge-descriptors "1.0.1"
    methods "~1.1.2"
    on-finished "~2.3.0"
    parseurl "~1.3.2"
    path-to-regexp "0.1.7"
    proxy-addr "~2.0.2"
    qs "6.5.1"
    range-parser "~1.2.0"
    safe-buffer "5.1.1"
    send "0.16.1"
    serve-static "1.13.1"
    setprototypeof "1.1.0"
    statuses "~1.3.1"
    type-is "~1.6.15"
    utils-merge "1.0.1"
    vary "~1.1.2"

fbjs@^0.8.16:
  version "0.8.16"
  resolved "https://registry.yarnpkg.com/fbjs/-/fbjs-0.8.16.tgz#5e67432f550dc41b572bf55847b8aca64e5337db"
  dependencies:
    core-js "^1.0.0"
    isomorphic-fetch "^2.1.1"
    loose-envify "^1.0.0"
    object-assign "^4.1.0"
    promise "^7.1.1"
    setimmediate "^1.0.5"
    ua-parser-js "^0.7.9"

finalhandler@1.1.0:
  version "1.1.0"
  resolved "https://registry.yarnpkg.com/finalhandler/-/finalhandler-1.1.0.tgz#ce0b6855b45853e791b2fcc680046d88253dd7f5"
  dependencies:
    debug "2.6.9"
    encodeurl "~1.0.1"
    escape-html "~1.0.3"
    on-finished "~2.3.0"
    parseurl "~1.3.2"
    statuses "~1.3.1"
    unpipe "~1.0.0"

forwarded@~0.1.2:
  version "0.1.2"
  resolved "https://registry.yarnpkg.com/forwarded/-/forwarded-0.1.2.tgz#98c23dab1175657b8c0573e8ceccd91b0ff18c84"

fresh@0.5.2:
  version "0.5.2"
  resolved "https://registry.yarnpkg.com/fresh/-/fresh-0.5.2.tgz#3d8cadd90d976569fa835ab1f8e4b23a105605a7"

http-errors@1.6.2, http-errors@~1.6.2:
  version "1.6.2"
  resolved "https://registry.yarnpkg.com/http-errors/-/http-errors-1.6.2.tgz#0a002cc85707192a7e7946ceedc11155f60ec736"
  dependencies:
    depd "1.1.1"
    inherits "2.0.3"
    setprototypeof "1.0.3"
    statuses ">= 1.3.1 < 2"

iconv-lite@0.4.19, iconv-lite@~0.4.13:
  version "0.4.19"
  resolved "https://registry.yarnpkg.com/iconv-lite/-/iconv-lite-0.4.19.tgz#f7468f60135f5e5dad3399c0a81be9a1603a082b"

individual@^3.0.0:
  version "3.0.0"
  resolved "https://registry.yarnpkg.com/individual/-/individual-3.0.0.tgz#e7ca4f85f8957b018734f285750dc22ec2f9862d"

inherits@2.0.3, inherits@^2.0.1:
  version "2.0.3"
  resolved "https://registry.yarnpkg.com/inherits/-/inherits-2.0.3.tgz#633c2c83e3da42a502f52466022480f4208261de"

ipaddr.js@1.5.2:
  version "1.5.2"
  resolved "https://registry.yarnpkg.com/ipaddr.js/-/ipaddr.js-1.5.2.tgz#d4b505bde9946987ccf0fc58d9010ff9607e3fa0"

is-stream@^1.0.1:
  version "1.1.0"
  resolved "https://registry.yarnpkg.com/is-stream/-/is-stream-1.1.0.tgz#12d4a3dd4e68e0b79ceb8dbc84173ae80d91ca44"

isomorphic-fetch@^2.1.1:
  version "2.2.1"
  resolved "https://registry.yarnpkg.com/isomorphic-fetch/-/isomorphic-fetch-2.2.1.tgz#611ae1acf14f5e81f729507472819fe9733558a9"
  dependencies:
    node-fetch "^1.0.1"
    whatwg-fetch ">=0.10.0"

js-tokens@^3.0.0:
  version "3.0.2"
  resolved "https://registry.yarnpkg.com/js-tokens/-/js-tokens-3.0.2.tgz#9866df395102130e38f7f996bceb65443209c25b"

lodash-es@^4.2.1:
  version "4.17.5"
  resolved "https://registry.yarnpkg.com/lodash-es/-/lodash-es-4.17.5.tgz#9fc6e737b1c4d151d8f9cae2247305d552ce748f"

lodash@^4.2.1:
  version "4.17.5"
  resolved "https://registry.yarnpkg.com/lodash/-/lodash-4.17.5.tgz#99a92d65c0272debe8c96b6057bc8fbfa3bed511"

loose-envify@^1.0.0, loose-envify@^1.1.0, loose-envify@^1.3.1:
  version "1.3.1"
  resolved "https://registry.yarnpkg.com/loose-envify/-/loose-envify-1.3.1.tgz#d1a8ad33fa9ce0e713d65fdd0ac8b748d478c848"
  dependencies:
    js-tokens "^3.0.0"

media-typer@0.3.0:
  version "0.3.0"
  resolved "https://registry.yarnpkg.com/media-typer/-/media-typer-0.3.0.tgz#8710d7af0aa626f8fffa1ce00168545263255748"

merge-descriptors@1.0.1:
  version "1.0.1"
  resolved "https://registry.yarnpkg.com/merge-descriptors/-/merge-descriptors-1.0.1.tgz#b00aaa556dd8b44568150ec9d1b953f3f90cbb61"

methods@~1.1.2:
  version "1.1.2"
  resolved "https://registry.yarnpkg.com/methods/-/methods-1.1.2.tgz#5529a4d67654134edcc5266656835b0f851afcee"

mime-db@~1.30.0:
  version "1.30.0"
  resolved "https://registry.yarnpkg.com/mime-db/-/mime-db-1.30.0.tgz#74c643da2dd9d6a45399963465b26d5ca7d71f01"

mime-types@~2.1.15, mime-types@~2.1.16:
  version "2.1.17"
  resolved "https://registry.yarnpkg.com/mime-types/-/mime-types-2.1.17.tgz#09d7a393f03e995a79f8af857b70a9e0ab16557a"
  dependencies:
    mime-db "~1.30.0"

mime@1.4.1:
  version "1.4.1"
  resolved "https://registry.yarnpkg.com/mime/-/mime-1.4.1.tgz#121f9ebc49e3766f311a76e1fa1c8003c4b03aa6"

mini-hamt@^1.0.1:
  version "1.0.3"
  resolved "https://registry.yarnpkg.com/mini-hamt/-/mini-hamt-1.0.3.tgz#bd0ca359f6426a6a27c93ce55300f4a3ed433ae1"
  dependencies:
    "@f/hash-str" "^1.0.0"
    "@f/popcount" "^1.0.0"

ms@2.0.0:
  version "2.0.0"
  resolved "https://registry.yarnpkg.com/ms/-/ms-2.0.0.tgz#5608aeadfc00be6c2901df5f9861788de0d597c8"

negotiator@0.6.1:
  version "0.6.1"
  resolved "https://registry.yarnpkg.com/negotiator/-/negotiator-0.6.1.tgz#2b327184e8992101177b28563fb5e7102acd0ca9"

node-fetch@^1.0.1:
  version "1.7.3"
  resolved "https://registry.yarnpkg.com/node-fetch/-/node-fetch-1.7.3.tgz#980f6f72d85211a5347c6b2bc18c5b84c3eb47ef"
  dependencies:
    encoding "^0.1.11"
    is-stream "^1.0.1"

object-assign@^4.1.0, object-assign@^4.1.1:
  version "4.1.1"
  resolved "https://registry.yarnpkg.com/object-assign/-/object-assign-4.1.1.tgz#2109adc7965887cfc05cbbd442cac8bfbb360863"

on-finished@~2.3.0:
  version "2.3.0"
  resolved "https://registry.yarnpkg.com/on-finished/-/on-finished-2.3.0.tgz#20f1336481b083cd75337992a16971aa2d906947"
  dependencies:
    ee-first "1.1.1"

parseurl@~1.3.2:
  version "1.3.2"
  resolved "https://registry.yarnpkg.com/parseurl/-/parseurl-1.3.2.tgz#fc289d4ed8993119460c156253262cdc8de65bf3"

path-to-regexp@0.1.7:
  version "0.1.7"
  resolved "https://registry.yarnpkg.com/path-to-regexp/-/path-to-regexp-0.1.7.tgz#df604178005f522f15eb4490e7247a1bfaa67f8c"

promise@^7.1.1:
  version "7.3.1"
  resolved "https://registry.yarnpkg.com/promise/-/promise-7.3.1.tgz#064b72602b18f90f29192b8b1bc418ffd1ebd3bf"
  dependencies:
    asap "~2.0.3"

prop-types@^15.6.0:
  version "15.6.0"
  resolved "https://registry.yarnpkg.com/prop-types/-/prop-types-15.6.0.tgz#ceaf083022fc46b4a35f69e13ef75aed0d639856"
  dependencies:
    fbjs "^0.8.16"
    loose-envify "^1.3.1"
    object-assign "^4.1.1"

proxy-addr@~2.0.2:
  version "2.0.2"
  resolved "https://registry.yarnpkg.com/proxy-addr/-/proxy-addr-2.0.2.tgz#6571504f47bb988ec8180253f85dd7e14952bdec"
  dependencies:
    forwarded "~0.1.2"
    ipaddr.js "1.5.2"

qs@6.5.1:
  version "6.5.1"
  resolved "https://registry.yarnpkg.com/qs/-/qs-6.5.1.tgz#349cdf6eef89ec45c12d7d5eb3fc0c870343a6d8"

range-parser@~1.2.0:
  version "1.2.0"
  resolved "https://registry.yarnpkg.com/range-parser/-/range-parser-1.2.0.tgz#f49be6b487894ddc40dcc94a322f611092e00d5e"

raw-body@2.3.2:
  version "2.3.2"
  resolved "https://registry.yarnpkg.com/raw-body/-/raw-body-2.3.2.tgz#bcd60c77d3eb93cde0050295c3f379389bc88f89"
  dependencies:
    bytes "3.0.0"
    http-errors "1.6.2"
    iconv-lite "0.4.19"
    unpipe "1.0.0"

react@^16.2.0:
  version "16.2.0"
  resolved "https://registry.yarnpkg.com/react/-/react-16.2.0.tgz#a31bd2dab89bff65d42134fa187f24d054c273ba"
  dependencies:
    fbjs "^0.8.16"
    loose-envify "^1.1.0"
    object-assign "^4.1.1"
    prop-types "^15.6.0"

redux-ephemeral@^0.3.7, redux-ephemeral@^0.3.9:
  version "0.3.9"
  resolved "https://registry.yarnpkg.com/redux-ephemeral/-/redux-ephemeral-0.3.9.tgz#c38605c524691691254b23c7a99b104851e333ca"
  dependencies:
    mini-hamt "^1.0.1"

redux-falsy@^1.0.0:
  version "1.0.0"
  resolved "https://registry.yarnpkg.com/redux-falsy/-/redux-falsy-1.0.0.tgz#4547616791c5f7dfb77dbf9e6ad610b7fc0f4bd7"

redux-flo@latest:
  version "2.3.0"
  resolved "https://registry.yarnpkg.com/redux-flo/-/redux-flo-2.3.0.tgz#c049f8a2692ba5a10905a1f178223c2f4339822d"
  dependencies:
    "@f/identity" "^1.1.1"
    "@f/is-functor" "^1.0.0"
    "@f/is-generator" "^1.3.2"
    "@f/is-iterable" "^1.0.1"
    "@f/is-iterator" "^1.0.1"
    "@f/is-promise" "^1.1.1"
    "@f/log-error" "^1.0.0"
    "@f/map" "^1.5.2"
    "@f/to-promise" "^1.1.1"

redux-multi@^0.1.12:
  version "0.1.12"
  resolved "https://registry.yarnpkg.com/redux-multi/-/redux-multi-0.1.12.tgz#28e1fe5e49672cbc5bd8a07f0b2aeaf0ef8355c2"

redux-multi@^0.1.91:
  version "0.1.91"
  resolved "https://registry.yarnpkg.com/redux-multi/-/redux-multi-0.1.91.tgz#c0aaa8408e67d0ef0ec530c0c00669644e10ac96"

redux-thunk@^1.0.3:
  version "1.0.3"
  resolved "https://registry.yarnpkg.com/redux-thunk/-/redux-thunk-1.0.3.tgz#778aa0099eea0595031ab6b39165f6670d8d26bd"

redux@^3.5.2, redux@^3.6.0, redux@^3.7.2:
  version "3.7.2"
  resolved "https://registry.yarnpkg.com/redux/-/redux-3.7.2.tgz#06b73123215901d25d065be342eb026bc1c8537b"
  dependencies:
    lodash "^4.2.1"
    lodash-es "^4.2.1"
    loose-envify "^1.1.0"
    symbol-observable "^1.0.3"

safe-buffer@5.1.1:
  version "5.1.1"
  resolved "https://registry.yarnpkg.com/safe-buffer/-/safe-buffer-5.1.1.tgz#893312af69b2123def71f57889001671eeb2c853"

send@0.16.1:
  version "0.16.1"
  resolved "https://registry.yarnpkg.com/send/-/send-0.16.1.tgz#a70e1ca21d1382c11d0d9f6231deb281080d7ab3"
  dependencies:
    debug "2.6.9"
    depd "~1.1.1"
    destroy "~1.0.4"
    encodeurl "~1.0.1"
    escape-html "~1.0.3"
    etag "~1.8.1"
    fresh "0.5.2"
    http-errors "~1.6.2"
    mime "1.4.1"
    ms "2.0.0"
    on-finished "~2.3.0"
    range-parser "~1.2.0"
    statuses "~1.3.1"

serve-static@1.13.1:
  version "1.13.1"
  resolved "https://registry.yarnpkg.com/serve-static/-/serve-static-1.13.1.tgz#4c57d53404a761d8f2e7c1e8a18a47dbf278a719"
  dependencies:
    encodeurl "~1.0.1"
    escape-html "~1.0.3"
    parseurl "~1.3.2"
    send "0.16.1"

setimmediate@^1.0.5:
  version "1.0.5"
  resolved "https://registry.yarnpkg.com/setimmediate/-/setimmediate-1.0.5.tgz#290cbb232e306942d7d7ea9b83732ab7856f8285"

setprototypeof@1.0.3:
  version "1.0.3"
  resolved "https://registry.yarnpkg.com/setprototypeof/-/setprototypeof-1.0.3.tgz#66567e37043eeb4f04d91bd658c0cbefb55b8e04"

setprototypeof@1.1.0:
  version "1.1.0"
  resolved "https://registry.yarnpkg.com/setprototypeof/-/setprototypeof-1.1.0.tgz#d0bd85536887b6fe7c0d818cb962d9d91c54e656"

"statuses@>= 1.3.1 < 2":
  version "1.4.0"
  resolved "https://registry.yarnpkg.com/statuses/-/statuses-1.4.0.tgz#bb73d446da2796106efcc1b601a253d6c46bd087"

statuses@~1.3.1:
  version "1.3.1"
  resolved "https://registry.yarnpkg.com/statuses/-/statuses-1.3.1.tgz#faf51b9eb74aaef3b3acf4ad5f61abf24cb7b93e"

symbol-observable@^1.0.3:
  version "1.2.0"
  resolved "https://registry.yarnpkg.com/symbol-observable/-/symbol-observable-1.2.0.tgz#c22688aed4eab3cdc2dfeacbb561660560a00804"

tcomb-validation@^3.3.0:
  version "3.4.1"
  resolved "https://registry.yarnpkg.com/tcomb-validation/-/tcomb-validation-3.4.1.tgz#a7696ec176ce56a081d9e019f8b732a5a8894b65"
  dependencies:
    tcomb "^3.0.0"

tcomb@^3.0.0:
  version "3.2.24"
  resolved "https://registry.yarnpkg.com/tcomb/-/tcomb-3.2.24.tgz#7f427053cc393b5997c4c3d859ca20411180887b"

type-is@~1.6.15:
  version "1.6.15"
  resolved "https://registry.yarnpkg.com/type-is/-/type-is-1.6.15.tgz#cab10fb4909e441c82842eafe1ad646c81804410"
  dependencies:
    media-typer "0.3.0"
    mime-types "~2.1.15"

ua-parser-js@^0.7.9:
  version "0.7.17"
  resolved "https://registry.yarnpkg.com/ua-parser-js/-/ua-parser-js-0.7.17.tgz#e9ec5f9498b9ec910e7ae3ac626a805c4d09ecac"

unpipe@1.0.0, unpipe@~1.0.0:
  version "1.0.0"
  resolved "https://registry.yarnpkg.com/unpipe/-/unpipe-1.0.0.tgz#b2bf4ee8514aae6165b4817829d21b2ef49904ec"

utils-merge@1.0.1:
  version "1.0.1"
  resolved "https://registry.yarnpkg.com/utils-merge/-/utils-merge-1.0.1.tgz#9f95710f50a267947b2ccc124741c1028427e713"

vary@~1.1.2:
  version "1.1.2"
  resolved "https://registry.yarnpkg.com/vary/-/vary-1.1.2.tgz#2299f02c6ded30d4a5961b0b9f74524a18f634fc"

vdux@^3.0.10:
  version "3.0.10"
  resolved "https://registry.yarnpkg.com/vdux/-/vdux-3.0.10.tgz#738cc9255ae2de0b668e0f7618bad52a25c8b01f"
  dependencies:
    "@f/debounce" "^1.0.2"
    "@f/domready" "^1.0.2"
    "@f/empty-element" "^1.0.0"
    "@f/event-handler" "^1.0.4"
    "@f/foreach" "^1.2.2"
    "@f/get-value" "^1.0.1"
    "@f/has" "^1.0.1"
    "@f/queue" "^1.0.2"
    "@f/raf-debounce" "^1.0.1"
    delegant "^0.2.0"
    ev-store "^7.0.0"
    redux "^3.5.2"
    redux-ephemeral "^0.3.9"
    redux-falsy "^1.0.0"
    redux-flo latest
    redux-multi "^0.1.91"
    redux-thunk "^1.0.3"
    virtex "^0.4.0"
    virtex-component "^0.5.5"
    virtex-dom "^0.3.12"
    virtex-element "^0.4.1"
    virtex-string "^0.3.6"

virtex-component@^0.5.5:
  version "0.5.5"
  resolved "https://registry.yarnpkg.com/virtex-component/-/virtex-component-0.5.5.tgz#e2c1c0788efe635ea49e026ac25b6fcd3087dbef"
  dependencies:
    "@f/curry-transparently" "^1.0.0"
    "@f/defaults" "^1.0.1"
    "@f/equal-array" "^1.2.2"
    "@f/equal-obj" "^1.2.1"
    "@f/identity" "^1.1.1"
    "@f/reduce" "^1.0.0"
    redux "^3.6.0"
    redux-ephemeral "^0.3.7"
    redux-falsy "^1.0.0"
    redux-flo latest
    redux-multi "^0.1.12"
    tcomb-validation "^3.3.0"
    virtex "^0.3.8"

virtex-dom@^0.3.12:
  version "0.3.12"
  resolved "https://registry.yarnpkg.com/virtex-dom/-/virtex-dom-0.3.12.tgz#87347369d935455ecad1184db6631144735b0945"
  dependencies:
    "@f/apply-styles" "^1.0.1"
    "@f/create-element" "^1.0.0"
    "@f/focus-element" "^1.0.0"
    "@f/foreach" "^1.2.1"
    "@f/insert-element" "^1.0.0"
    "@f/is-undefined" "^1.1.1"
    "@f/is-valid-attr" "^1.0.0"
    "@f/remove-element" "^1.0.0"
    "@f/replace-element" "^1.0.0"
    "@f/set-attribute" "^1.0.1"
    "@f/set-value" "^1.0.0"
    virtex "^0.3.6"

virtex-element@^0.4.1:
  version "0.4.2"
  resolved "https://registry.yarnpkg.com/virtex-element/-/virtex-element-0.4.2.tgz#96b34bd895202fafa54df4d3badd7c38549a204b"
  dependencies:
    "@f/capitalize" "^1.0.0"
    "@f/dom-events" "^1.0.3"
    "@f/event-handler" "^1.0.3"
    "@f/is-object" "^1.1.1"
    "@f/keychord" "^1.1.1"
    classnames "^2.2.3"
    ev-store "^7.0.0"
    virtex "^0.3.6"

virtex-string@^0.3.6:
  version "0.3.7"
  resolved "https://registry.yarnpkg.com/virtex-string/-/virtex-string-0.3.7.tgz#855f7cde897e13f3e5f5dccd653ff1b2892dd4e0"
  dependencies:
    "@f/has" "^1.0.1"
    "@f/reduce-array" "^0.2.1"
    "@f/self-closing-tags" "^1.0.1"
    "@f/stringify-attrs" "^1.0.5"
    ent "^2.2.0"
    virtex "^0.3.10"

virtex@^0.3.10, virtex@^0.3.6, virtex@^0.3.8:
  version "0.3.12"
  resolved "https://registry.yarnpkg.com/virtex/-/virtex-0.3.12.tgz#2e12d890ffd1712dbad3d2ad7e08e5dc189089e8"
  dependencies:
    "@f/foreach" "^1.2.2"
    "@f/is-string" "^1.1.1"
    "@f/is-undefined" "^1.1.1"
    "@f/map-array" "^1.2.1"
    dift "^0.1.11"

virtex@^0.4.0:
  version "0.4.0"
  resolved "https://registry.yarnpkg.com/virtex/-/virtex-0.4.0.tgz#3a576cce977920cff0390456656be0c3693bbaff"
  dependencies:
    "@f/foreach" "^1.2.2"
    "@f/is-string" "^1.1.1"
    "@f/is-undefined" "^1.1.1"
    "@f/map-array" "^1.2.1"
    dift "^0.1.11"

whatwg-fetch@>=0.10.0:
  version "2.0.3"
  resolved "https://registry.yarnpkg.com/whatwg-fetch/-/whatwg-fetch-2.0.3.tgz#9c84ec2dcf68187ff00bc64e1274b442176e1c84"
